// !$*UTF8*$!
{
	archiveVersion = 1;
	classes = {
	};
	objectVersion = 51;
	objects = {

/* Begin PBXBuildFile section */
		8DA73A80EBACD01B17A09046 /* Pods_Forecast.framework in Frameworks */ = {isa = PBXBuildFile; fileRef = E31B6F693353EE979CEF454A /* Pods_Forecast.framework */; };
		B47DEEA6271218E800C17235 /* RealmModelHourly.swift in Sources */ = {isa = PBXBuildFile; fileRef = B47DEEA5271218E800C17235 /* RealmModelHourly.swift */; };
		B47DEEB52712F53200C17235 /* RealmDataProvider.swift in Sources */ = {isa = PBXBuildFile; fileRef = B47DEEB42712F53200C17235 /* RealmDataProvider.swift */; };
		B486C97127087EF600C6006F /* AppDelegate.swift in Sources */ = {isa = PBXBuildFile; fileRef = B486C97027087EF600C6006F /* AppDelegate.swift */; };
		B486C97327087EF600C6006F /* SceneDelegate.swift in Sources */ = {isa = PBXBuildFile; fileRef = B486C97227087EF600C6006F /* SceneDelegate.swift */; };
		B486C97527087EF600C6006F /* ViewController.swift in Sources */ = {isa = PBXBuildFile; fileRef = B486C97427087EF600C6006F /* ViewController.swift */; };
		B486C97827087EF600C6006F /* Main.storyboard in Resources */ = {isa = PBXBuildFile; fileRef = B486C97627087EF600C6006F /* Main.storyboard */; };
		B486C97A27087EFD00C6006F /* Assets.xcassets in Resources */ = {isa = PBXBuildFile; fileRef = B486C97927087EFD00C6006F /* Assets.xcassets */; };
		B486C97D27087EFD00C6006F /* LaunchScreen.storyboard in Resources */ = {isa = PBXBuildFile; fileRef = B486C97B27087EFD00C6006F /* LaunchScreen.storyboard */; };
		B486C986270A25B000C6006F /* ApiType.swift in Sources */ = {isa = PBXBuildFile; fileRef = B486C985270A25B000C6006F /* ApiType.swift */; };
		B486C989270B77B000C6006F /* NetworkManager.swift in Sources */ = {isa = PBXBuildFile; fileRef = B486C988270B77B000C6006F /* NetworkManager.swift */; };
		B486C98C270CDB4300C6006F /* ModelHourly.swift in Sources */ = {isa = PBXBuildFile; fileRef = B486C98B270CDB4300C6006F /* ModelHourly.swift */; };
		B486C98F270CDC2C00C6006F /* ModelDaily.swift in Sources */ = {isa = PBXBuildFile; fileRef = B486C98E270CDC2C00C6006F /* ModelDaily.swift */; };
		B486C992270CE88A00C6006F /* GeoData.swift in Sources */ = {isa = PBXBuildFile; fileRef = B486C991270CE88A00C6006F /* GeoData.swift */; };
		B486C995270F6F8B00C6006F /* ConverterModelData.swift in Sources */ = {isa = PBXBuildFile; fileRef = B486C994270F6F8A00C6006F /* ConverterModelData.swift */; };
		B4B0C27127135CB4005B18A0 /* RealmModelDaily.swift in Sources */ = {isa = PBXBuildFile; fileRef = B4B0C27027135CB4005B18A0 /* RealmModelDaily.swift */; };
/* End PBXBuildFile section */

/* Begin PBXFileReference section */
		1A3AB818B06D2D2A19C56FBE /* Pods-Forecast.release.xcconfig */ = {isa = PBXFileReference; includeInIndex = 1; lastKnownFileType = text.xcconfig; name = "Pods-Forecast.release.xcconfig"; path = "Target Support Files/Pods-Forecast/Pods-Forecast.release.xcconfig"; sourceTree = "<group>"; };
		2A877F81E002231109D4363A /* Pods-Forecast.debug.xcconfig */ = {isa = PBXFileReference; includeInIndex = 1; lastKnownFileType = text.xcconfig; name = "Pods-Forecast.debug.xcconfig"; path = "Target Support Files/Pods-Forecast/Pods-Forecast.debug.xcconfig"; sourceTree = "<group>"; };
		B47DEEA5271218E800C17235 /* RealmModelHourly.swift */ = {isa = PBXFileReference; lastKnownFileType = sourcecode.swift; path = RealmModelHourly.swift; sourceTree = "<group>"; };
		B47DEEB42712F53200C17235 /* RealmDataProvider.swift */ = {isa = PBXFileReference; lastKnownFileType = sourcecode.swift; path = RealmDataProvider.swift; sourceTree = "<group>"; };
		B486C96D27087EF600C6006F /* Forecast.app */ = {isa = PBXFileReference; explicitFileType = wrapper.application; includeInIndex = 0; path = Forecast.app; sourceTree = BUILT_PRODUCTS_DIR; };
		B486C97027087EF600C6006F /* AppDelegate.swift */ = {isa = PBXFileReference; lastKnownFileType = sourcecode.swift; path = AppDelegate.swift; sourceTree = "<group>"; };
		B486C97227087EF600C6006F /* SceneDelegate.swift */ = {isa = PBXFileReference; lastKnownFileType = sourcecode.swift; path = SceneDelegate.swift; sourceTree = "<group>"; };
		B486C97427087EF600C6006F /* ViewController.swift */ = {isa = PBXFileReference; lastKnownFileType = sourcecode.swift; path = ViewController.swift; sourceTree = "<group>"; };
		B486C97727087EF600C6006F /* Base */ = {isa = PBXFileReference; lastKnownFileType = file.storyboard; name = Base; path = Base.lproj/Main.storyboard; sourceTree = "<group>"; };
		B486C97927087EFD00C6006F /* Assets.xcassets */ = {isa = PBXFileReference; lastKnownFileType = folder.assetcatalog; path = Assets.xcassets; sourceTree = "<group>"; };
		B486C97C27087EFD00C6006F /* Base */ = {isa = PBXFileReference; lastKnownFileType = file.storyboard; name = Base; path = Base.lproj/LaunchScreen.storyboard; sourceTree = "<group>"; };
		B486C97E27087EFD00C6006F /* Info.plist */ = {isa = PBXFileReference; lastKnownFileType = text.plist.xml; path = Info.plist; sourceTree = "<group>"; };
		B486C985270A25B000C6006F /* ApiType.swift */ = {isa = PBXFileReference; lastKnownFileType = sourcecode.swift; path = ApiType.swift; sourceTree = "<group>"; };
		B486C988270B77B000C6006F /* NetworkManager.swift */ = {isa = PBXFileReference; lastKnownFileType = sourcecode.swift; path = NetworkManager.swift; sourceTree = "<group>"; };
		B486C98B270CDB4300C6006F /* ModelHourly.swift */ = {isa = PBXFileReference; lastKnownFileType = sourcecode.swift; path = ModelHourly.swift; sourceTree = "<group>"; };
		B486C98E270CDC2C00C6006F /* ModelDaily.swift */ = {isa = PBXFileReference; lastKnownFileType = sourcecode.swift; path = ModelDaily.swift; sourceTree = "<group>"; };
		B486C991270CE88A00C6006F /* GeoData.swift */ = {isa = PBXFileReference; lastKnownFileType = sourcecode.swift; path = GeoData.swift; sourceTree = "<group>"; };
		B486C994270F6F8A00C6006F /* ConverterModelData.swift */ = {isa = PBXFileReference; lastKnownFileType = sourcecode.swift; path = ConverterModelData.swift; sourceTree = "<group>"; };
		B4B0C27027135CB4005B18A0 /* RealmModelDaily.swift */ = {isa = PBXFileReference; lastKnownFileType = sourcecode.swift; path = RealmModelDaily.swift; sourceTree = "<group>"; };
		E31B6F693353EE979CEF454A /* Pods_Forecast.framework */ = {isa = PBXFileReference; explicitFileType = wrapper.framework; includeInIndex = 0; path = Pods_Forecast.framework; sourceTree = BUILT_PRODUCTS_DIR; };
/* End PBXFileReference section */

/* Begin PBXFrameworksBuildPhase section */
		B486C96A27087EF600C6006F /* Frameworks */ = {
			isa = PBXFrameworksBuildPhase;
			buildActionMask = 2147483647;
			files = (
				8DA73A80EBACD01B17A09046 /* Pods_Forecast.framework in Frameworks */,
			);
			runOnlyForDeploymentPostprocessing = 0;
		};
/* End PBXFrameworksBuildPhase section */

/* Begin PBXGroup section */
		6C7EC29E9A4B8304EA66AAB0 /* Frameworks */ = {
			isa = PBXGroup;
			children = (
				E31B6F693353EE979CEF454A /* Pods_Forecast.framework */,
			);
			name = Frameworks;
			sourceTree = "<group>";
		};
		B486C96427087EF600C6006F = {
			isa = PBXGroup;
			children = (
				B486C96F27087EF600C6006F /* Forecast */,
				B486C96E27087EF600C6006F /* Products */,
				D9F4D9453E0C139498E25B1C /* Pods */,
				6C7EC29E9A4B8304EA66AAB0 /* Frameworks */,
			);
			sourceTree = "<group>";
		};
		B486C96E27087EF600C6006F /* Products */ = {
			isa = PBXGroup;
			children = (
				B486C96D27087EF600C6006F /* Forecast.app */,
			);
			name = Products;
			sourceTree = "<group>";
		};
		B486C96F27087EF600C6006F /* Forecast */ = {
			isa = PBXGroup;
			children = (
				B486C97027087EF600C6006F /* AppDelegate.swift */,
				B486C97227087EF600C6006F /* SceneDelegate.swift */,
				B486C97427087EF600C6006F /* ViewController.swift */,
				B486C97627087EF600C6006F /* Main.storyboard */,
				B486C988270B77B000C6006F /* NetworkManager.swift */,
				B486C994270F6F8A00C6006F /* ConverterModelData.swift */,
				B47DEEA5271218E800C17235 /* RealmModelHourly.swift */,
				B4B0C27027135CB4005B18A0 /* RealmModelDaily.swift */,
				B486C98E270CDC2C00C6006F /* ModelDaily.swift */,
				B47DEEB42712F53200C17235 /* RealmDataProvider.swift */,
				B486C985270A25B000C6006F /* ApiType.swift */,
				B486C98B270CDB4300C6006F /* ModelHourly.swift */,
				B486C991270CE88A00C6006F /* GeoData.swift */,
				B486C97927087EFD00C6006F /* Assets.xcassets */,
				B486C97B27087EFD00C6006F /* LaunchScreen.storyboard */,
				B486C97E27087EFD00C6006F /* Info.plist */,
			);
			path = Forecast;
			sourceTree = "<group>";
		};
		D9F4D9453E0C139498E25B1C /* Pods */ = {
			isa = PBXGroup;
			children = (
				2A877F81E002231109D4363A /* Pods-Forecast.debug.xcconfig */,
				1A3AB818B06D2D2A19C56FBE /* Pods-Forecast.release.xcconfig */,
			);
			path = Pods;
			sourceTree = "<group>";
		};
/* End PBXGroup section */

/* Begin PBXNativeTarget section */
		B486C96C27087EF600C6006F /* Forecast */ = {
			isa = PBXNativeTarget;
			buildConfigurationList = B486C98127087EFD00C6006F /* Build configuration list for PBXNativeTarget "Forecast" */;
			buildPhases = (
				F7D1A43CF3E0B53BCC8DF769 /* [CP] Check Pods Manifest.lock */,
				B486C96927087EF600C6006F /* Sources */,
				B486C96A27087EF600C6006F /* Frameworks */,
				B486C96B27087EF600C6006F /* Resources */,
				5B322A2858C47F1F3474F2EF /* [CP] Embed Pods Frameworks */,
			);
			buildRules = (
			);
			dependencies = (
			);
			name = Forecast;
			productName = Forecast;
			productReference = B486C96D27087EF600C6006F /* Forecast.app */;
			productType = "com.apple.product-type.application";
		};
/* End PBXNativeTarget section */

/* Begin PBXProject section */
		B486C96527087EF600C6006F /* Project object */ = {
			isa = PBXProject;
			attributes = {
				LastSwiftUpdateCheck = 1240;
				LastUpgradeCheck = 1240;
				TargetAttributes = {
					B486C96C27087EF600C6006F = {
						CreatedOnToolsVersion = 12.4;
					};
				};
			};
			buildConfigurationList = B486C96827087EF600C6006F /* Build configuration list for PBXProject "Forecast" */;
			compatibilityVersion = "Xcode 9.3";
			developmentRegion = en;
			hasScannedForEncodings = 0;
			knownRegions = (
				en,
				Base,
			);
			mainGroup = B486C96427087EF600C6006F;
			productRefGroup = B486C96E27087EF600C6006F /* Products */;
			projectDirPath = "";
			projectRoot = "";
			targets = (
				B486C96C27087EF600C6006F /* Forecast */,
			);
		};
/* End PBXProject section */

/* Begin PBXResourcesBuildPhase section */
		B486C96B27087EF600C6006F /* Resources */ = {
			isa = PBXResourcesBuildPhase;
			buildActionMask = 2147483647;
			files = (
				B486C97D27087EFD00C6006F /* LaunchScreen.storyboard in Resources */,
				B486C97A27087EFD00C6006F /* Assets.xcassets in Resources */,
				B486C97827087EF600C6006F /* Main.storyboard in Resources */,
			);
			runOnlyForDeploymentPostprocessing = 0;
		};
/* End PBXResourcesBuildPhase section */

/* Begin PBXShellScriptBuildPhase section */
		5B322A2858C47F1F3474F2EF /* [CP] Embed Pods Frameworks */ = {
			isa = PBXShellScriptBuildPhase;
			buildActionMask = 2147483647;
			files = (
			);
			inputFileListPaths = (
				"${PODS_ROOT}/Target Support Files/Pods-Forecast/Pods-Forecast-frameworks-${CONFIGURATION}-input-files.xcfilelist",
			);
			name = "[CP] Embed Pods Frameworks";
			outputFileListPaths = (
				"${PODS_ROOT}/Target Support Files/Pods-Forecast/Pods-Forecast-frameworks-${CONFIGURATION}-output-files.xcfilelist",
			);
			runOnlyForDeploymentPostprocessing = 0;
			shellPath = /bin/sh;
			shellScript = "\"${PODS_ROOT}/Target Support Files/Pods-Forecast/Pods-Forecast-frameworks.sh\"\n";
			showEnvVarsInLog = 0;
		};
		F7D1A43CF3E0B53BCC8DF769 /* [CP] Check Pods Manifest.lock */ = {
			isa = PBXShellScriptBuildPhase;
			buildActionMask = 2147483647;
			files = (
			);
			inputFileListPaths = (
			);
			inputPaths = (
				"${PODS_PODFILE_DIR_PATH}/Podfile.lock",
				"${PODS_ROOT}/Manifest.lock",
			);
			name = "[CP] Check Pods Manifest.lock";
			outputFileListPaths = (
			);
			outputPaths = (
				"$(DERIVED_FILE_DIR)/Pods-Forecast-checkManifestLockResult.txt",
			);
			runOnlyForDeploymentPostprocessing = 0;
			shellPath = /bin/sh;
			shellScript = "diff \"${PODS_PODFILE_DIR_PATH}/Podfile.lock\" \"${PODS_ROOT}/Manifest.lock\" > /dev/null\nif [ $? != 0 ] ; then\n    # print error to STDERR\n    echo \"error: The sandbox is not in sync with the Podfile.lock. Run 'pod install' or update your CocoaPods installation.\" >&2\n    exit 1\nfi\n# This output is used by Xcode 'outputs' to avoid re-running this script phase.\necho \"SUCCESS\" > \"${SCRIPT_OUTPUT_FILE_0}\"\n";
			showEnvVarsInLog = 0;
		};
/* End PBXShellScriptBuildPhase section */

/* Begin PBXSourcesBuildPhase section */
		B486C96927087EF600C6006F /* Sources */ = {
			isa = PBXSourcesBuildPhase;
			buildActionMask = 2147483647;
			files = (
				B47DEEB52712F53200C17235 /* RealmDataProvider.swift in Sources */,
				B4B0C27127135CB4005B18A0 /* RealmModelDaily.swift in Sources */,
				B486C986270A25B000C6006F /* ApiType.swift in Sources */,
				B486C97527087EF600C6006F /* ViewController.swift in Sources */,
				B486C98F270CDC2C00C6006F /* ModelDaily.swift in Sources */,
				B486C995270F6F8B00C6006F /* ConverterModelData.swift in Sources */,
				B486C989270B77B000C6006F /* NetworkManager.swift in Sources */,
				B486C97127087EF600C6006F /* AppDelegate.swift in Sources */,
				B47DEEA6271218E800C17235 /* RealmModelHourly.swift in Sources */,
				B486C992270CE88A00C6006F /* GeoData.swift in Sources */,
				B486C98C270CDB4300C6006F /* ModelHourly.swift in Sources */,
				B486C97327087EF600C6006F /* SceneDelegate.swift in Sources */,
			);
			runOnlyForDeploymentPostprocessing = 0;
		};
/* End PBXSourcesBuildPhase section */

/* Begin PBXVariantGroup section */
		B486C97627087EF600C6006F /* Main.storyboard */ = {
			isa = PBXVariantGroup;
			children = (
				B486C97727087EF600C6006F /* Base */,
			);
			name = Main.storyboard;
			sourceTree = "<group>";
		};
		B486C97B27087EFD00C6006F /* LaunchScreen.storyboard */ = {
			isa = PBXVariantGroup;
			children = (
				B486C97C27087EFD00C6006F /* Base */,
			);
			name = LaunchScreen.storyboard;
			sourceTree = "<group>";
		};
/* End PBXVariantGroup section */

/* Begin XCBuildConfiguration section */
		B486C97F27087EFD00C6006F /* Debug */ = {
			isa = XCBuildConfiguration;
			buildSettings = {
				ALWAYS_SEARCH_USER_PATHS = NO;
				CLANG_ANALYZER_NONNULL = YES;
				CLANG_ANALYZER_NUMBER_OBJECT_CONVERSION = YES_AGGRESSIVE;
				CLANG_CXX_LANGUAGE_STANDARD = "gnu++14";
				CLANG_CXX_LIBRARY = "libc++";
				CLANG_ENABLE_MODULES = YES;
				CLANG_ENABLE_OBJC_ARC = YES;
				CLANG_ENABLE_OBJC_WEAK = YES;
				CLANG_WARN_BLOCK_CAPTURE_AUTORELEASING = YES;
				CLANG_WARN_BOOL_CONVERSION = YES;
				CLANG_WARN_COMMA = YES;
				CLANG_WARN_CONSTANT_CONVERSION = YES;
				CLANG_WARN_DEPRECATED_OBJC_IMPLEMENTATIONS = YES;
				CLANG_WARN_DIRECT_OBJC_ISA_USAGE = YES_ERROR;
				CLANG_WARN_DOCUMENTATION_COMMENTS = YES;
				CLANG_WARN_EMPTY_BODY = YES;
				CLANG_WARN_ENUM_CONVERSION = YES;
				CLANG_WARN_INFINITE_RECURSION = YES;
				CLANG_WARN_INT_CONVERSION = YES;
				CLANG_WARN_NON_LITERAL_NULL_CONVERSION = YES;
				CLANG_WARN_OBJC_IMPLICIT_RETAIN_SELF = YES;
				CLANG_WARN_OBJC_LITERAL_CONVERSION = YES;
				CLANG_WARN_OBJC_ROOT_CLASS = YES_ERROR;
				CLANG_WARN_QUOTED_INCLUDE_IN_FRAMEWORK_HEADER = YES;
				CLANG_WARN_RANGE_LOOP_ANALYSIS = YES;
				CLANG_WARN_STRICT_PROTOTYPES = YES;
				CLANG_WARN_SUSPICIOUS_MOVE = YES;
				CLANG_WARN_UNGUARDED_AVAILABILITY = YES_AGGRESSIVE;
				CLANG_WARN_UNREACHABLE_CODE = YES;
				CLANG_WARN__DUPLICATE_METHOD_MATCH = YES;
				COPY_PHASE_STRIP = NO;
				DEBUG_INFORMATION_FORMAT = dwarf;
				ENABLE_STRICT_OBJC_MSGSEND = YES;
				ENABLE_TESTABILITY = YES;
				GCC_C_LANGUAGE_STANDARD = gnu11;
				GCC_DYNAMIC_NO_PIC = NO;
				GCC_NO_COMMON_BLOCKS = YES;
				GCC_OPTIMIZATION_LEVEL = 0;
				GCC_PREPROCESSOR_DEFINITIONS = (
					"DEBUG=1",
					"$(inherited)",
				);
				GCC_WARN_64_TO_32_BIT_CONVERSION = YES;
				GCC_WARN_ABOUT_RETURN_TYPE = YES_ERROR;
				GCC_WARN_UNDECLARED_SELECTOR = YES;
				GCC_WARN_UNINITIALIZED_AUTOS = YES_AGGRESSIVE;
				GCC_WARN_UNUSED_FUNCTION = YES;
				GCC_WARN_UNUSED_VARIABLE = YES;
				IPHONEOS_DEPLOYMENT_TARGET = 14.4;
				MTL_ENABLE_DEBUG_INFO = INCLUDE_SOURCE;
				MTL_FAST_MATH = YES;
				ONLY_ACTIVE_ARCH = YES;
				SDKROOT = iphoneos;
				SWIFT_ACTIVE_COMPILATION_CONDITIONS = DEBUG;
				SWIFT_OPTIMIZATION_LEVEL = "-Onone";
			};
			name = Debug;
		};
		B486C98027087EFD00C6006F /* Release */ = {
			isa = XCBuildConfiguration;
			buildSettings = {
				ALWAYS_SEARCH_USER_PATHS = NO;
				CLANG_ANALYZER_NONNULL = YES;
				CLANG_ANALYZER_NUMBER_OBJECT_CONVERSION = YES_AGGRESSIVE;
				CLANG_CXX_LANGUAGE_STANDARD = "gnu++14";
				CLANG_CXX_LIBRARY = "libc++";
				CLANG_ENABLE_MODULES = YES;
				CLANG_ENABLE_OBJC_ARC = YES;
				CLANG_ENABLE_OBJC_WEAK = YES;
				CLANG_WARN_BLOCK_CAPTURE_AUTORELEASING = YES;
				CLANG_WARN_BOOL_CONVERSION = YES;
				CLANG_WARN_COMMA = YES;
				CLANG_WARN_CONSTANT_CONVERSION = YES;
				CLANG_WARN_DEPRECATED_OBJC_IMPLEMENTATIONS = YES;
				CLANG_WARN_DIRECT_OBJC_ISA_USAGE = YES_ERROR;
				CLANG_WARN_DOCUMENTATION_COMMENTS = YES;
				CLANG_WARN_EMPTY_BODY = YES;
				CLANG_WARN_ENUM_CONVERSION = YES;
				CLANG_WARN_INFINITE_RECURSION = YES;
				CLANG_WARN_INT_CONVERSION = YES;
				CLANG_WARN_NON_LITERAL_NULL_CONVERSION = YES;
				CLANG_WARN_OBJC_IMPLICIT_RETAIN_SELF = YES;
				CLANG_WARN_OBJC_LITERAL_CONVERSION = YES;
				CLANG_WARN_OBJC_ROOT_CLASS = YES_ERROR;
				CLANG_WARN_QUOTED_INCLUDE_IN_FRAMEWORK_HEADER = YES;
				CLANG_WARN_RANGE_LOOP_ANALYSIS = YES;
				CLANG_WARN_STRICT_PROTOTYPES = YES;
				CLANG_WARN_SUSPICIOUS_MOVE = YES;
				CLANG_WARN_UNGUARDED_AVAILABILITY = YES_AGGRESSIVE;
				CLANG_WARN_UNREACHABLE_CODE = YES;
				CLANG_WARN__DUPLICATE_METHOD_MATCH = YES;
				COPY_PHASE_STRIP = NO;
				DEBUG_INFORMATION_FORMAT = "dwarf-with-dsym";
				ENABLE_NS_ASSERTIONS = NO;
				ENABLE_STRICT_OBJC_MSGSEND = YES;
				GCC_C_LANGUAGE_STANDARD = gnu11;
				GCC_NO_COMMON_BLOCKS = YES;
				GCC_WARN_64_TO_32_BIT_CONVERSION = YES;
				GCC_WARN_ABOUT_RETURN_TYPE = YES_ERROR;
				GCC_WARN_UNDECLARED_SELECTOR = YES;
				GCC_WARN_UNINITIALIZED_AUTOS = YES_AGGRESSIVE;
				GCC_WARN_UNUSED_FUNCTION = YES;
				GCC_WARN_UNUSED_VARIABLE = YES;
				IPHONEOS_DEPLOYMENT_TARGET = 14.4;
				MTL_ENABLE_DEBUG_INFO = NO;
				MTL_FAST_MATH = YES;
				SDKROOT = iphoneos;
				SWIFT_COMPILATION_MODE = wholemodule;
				SWIFT_OPTIMIZATION_LEVEL = "-O";
				VALIDATE_PRODUCT = YES;
			};
			name = Release;
		};
		B486C98227087EFD00C6006F /* Debug */ = {
			isa = XCBuildConfiguration;
			baseConfigurationReference = 2A877F81E002231109D4363A /* Pods-Forecast.debug.xcconfig */;
			buildSettings = {
				ASSETCATALOG_COMPILER_APPICON_NAME = AppIcon;
				ASSETCATALOG_COMPILER_GLOBAL_ACCENT_COLOR_NAME = AccentColor;
				CODE_SIGN_STYLE = Automatic;
				INFOPLIST_FILE = Forecast/Info.plist;
				LD_RUNPATH_SEARCH_PATHS = (
					"$(inherited)",
					"@executable_path/Frameworks",
				);
				PRODUCT_BUNDLE_IDENTIFIER = "com.Alexey-Kharin.Forecast";
				PRODUCT_NAME = "$(TARGET_NAME)";
				SWIFT_VERSION = 5.0;
				TARGETED_DEVICE_FAMILY = "1,2";
			};
			name = Debug;
		};
		B486C98327087EFD00C6006F /* Release */ = {
			isa = XCBuildConfiguration;
			baseConfigurationReference = 1A3AB818B06D2D2A19C56FBE /* Pods-Forecast.release.xcconfig */;
			buildSettings = {
				ASSETCATALOG_COMPILER_APPICON_NAME = AppIcon;
				ASSETCATALOG_COMPILER_GLOBAL_ACCENT_COLOR_NAME = AccentColor;
				CODE_SIGN_STYLE = Automatic;
				INFOPLIST_FILE = Forecast/Info.plist;
				LD_RUNPATH_SEARCH_PATHS = (
					"$(inherited)",
					"@executable_path/Frameworks",
				);
				PRODUCT_BUNDLE_IDENTIFIER = "com.Alexey-Kharin.Forecast";
				PRODUCT_NAME = "$(TARGET_NAME)";
				SWIFT_VERSION = 5.0;
				TARGETED_DEVICE_FAMILY = "1,2";
			};
			name = Release;
		};
/* End XCBuildConfiguration section */

/* Begin XCConfigurationList section */
		B486C96827087EF600C6006F /* Build configuration list for PBXProject "Forecast" */ = {
			isa = XCConfigurationList;
			buildConfigurations = (
				B486C97F27087EFD00C6006F /* Debug */,
				B486C98027087EFD00C6006F /* Release */,
			);
			defaultConfigurationIsVisible = 0;
			defaultConfigurationName = Release;
		};
		B486C98127087EFD00C6006F /* Build configuration list for PBXNativeTarget "Forecast" */ = {
			isa = XCConfigurationList;
			buildConfigurations = (
				B486C98227087EFD00C6006F /* Debug */,
				B486C98327087EFD00C6006F /* Release */,
			);
			defaultConfigurationIsVisible = 0;
			defaultConfigurationName = Release;
		};
/* End XCConfigurationList section */
	};
	rootObject = B486C96527087EF600C6006F /* Project object */;
}
